
Microsoft Visual Studio Solution File, Format Version 12.00
# Visual Studio Version 17
VisualStudioVersion = 17.10.35004.147
MinimumVisualStudioVersion = 10.0.40219.1
Project("{FAE04EC0-301F-11D3-BF4B-00C04F79EFBC}") = "xadrez-console", "xadrez-console\xadrez-console.csproj", "{B4EDA813-1528-4E5D-AD4E-1CB89D01F2DD}"
EndProject
Global
	GlobalSection(SolutionConfigurationPlatforms) = preSolution
		Debug|Any CPU = Debug|Any CPU
		Release|Any CPU = Release|Any CPU
	EndGlobalSection
	GlobalSection(ProjectConfigurationPlatforms) = postSolution
		{B4EDA813-1528-4E5D-AD4E-1CB89D01F2DD}.Debug|Any CPU.ActiveCfg = Debug|Any CPU
		{B4EDA813-1528-4E5D-AD4E-1CB89D01F2DD}.Debug|Any CPU.Build.0 = Debug|Any CPU
		{B4EDA813-1528-4E5D-AD4E-1CB89D01F2DD}.Release|Any CPU.ActiveCfg = Release|Any CPU
		{B4EDA813-1528-4E5D-AD4E-1CB89D01F2DD}.Release|Any CPU.Build.0 = Release|Any CPU
	EndGlobalSection
	GlobalSection(SolutionProperties) = preSolution
		HideSolutionNode = FALSE
	EndGlobalSection
	GlobalSection(ExtensibilityGlobals) = postSolution
		SolutionGuid = {0C14E886-7D27-4F76-B6CB-B926C14FEFCC}
	EndGlobalSection
EndGlobal
